
Microsoft Visual Studio Solution File, Format Version 12.00
# Visual Studio Version 16
VisualStudioVersion = 16.0.29905.134
MinimumVisualStudioVersion = 10.0.40219.1
Project("{FAE04EC0-301F-11D3-BF4B-00C04F79EFBC}") = "quanlynhatro", "quanlynhatro\quanlynhatro.csproj", "{01ED42B9-9657-463E-ABDC-88C22AEED8EF}"
EndProject
Global
	GlobalSection(SolutionConfigurationPlatforms) = preSolution
		Debug|Any CPU = Debug|Any CPU
		Release|Any CPU = Release|Any CPU
	EndGlobalSection
	GlobalSection(ProjectConfigurationPlatforms) = postSolution
		{01ED42B9-9657-463E-ABDC-88C22AEED8EF}.Debug|Any CPU.ActiveCfg = Debug|Any CPU
		{01ED42B9-9657-463E-ABDC-88C22AEED8EF}.Debug|Any CPU.Build.0 = Debug|Any CPU
		{01ED42B9-9657-463E-ABDC-88C22AEED8EF}.Release|Any CPU.ActiveCfg = Release|Any CPU
		{01ED42B9-9657-463E-ABDC-88C22AEED8EF}.Release|Any CPU.Build.0 = Release|Any CPU
	EndGlobalSection
	GlobalSection(SolutionProperties) = preSolution
		HideSolutionNode = FALSE
	EndGlobalSection
	GlobalSection(ExtensibilityGlobals) = postSolution
		SolutionGuid = {0BACF601-FFCD-4ACC-B8C5-BD525478CCEF}
	EndGlobalSection
EndGlobal
